
Microsoft Visual Studio Solution File, Format Version 12.00
# Visual Studio 15
VisualStudioVersion = 15.0.26730.16
MinimumVisualStudioVersion = 10.0.40219.1
Project("{FAE04EC0-301F-11D3-BF4B-00C04F79EFBC}") = "TheGUIAndSQLApp", "TheGUIAndSQLApp\TheGUIAndSQLApp.csproj", "{D15A1816-3755-4B6C-96E5-FB41ABE2913F}"
EndProject
Global
	GlobalSection(SolutionConfigurationPlatforms) = preSolution
		Debug|Any CPU = Debug|Any CPU
		Release|Any CPU = Release|Any CPU
	EndGlobalSection
	GlobalSection(ProjectConfigurationPlatforms) = postSolution
		{D15A1816-3755-4B6C-96E5-FB41ABE2913F}.Debug|Any CPU.ActiveCfg = Debug|Any CPU
		{D15A1816-3755-4B6C-96E5-FB41ABE2913F}.Debug|Any CPU.Build.0 = Debug|Any CPU
		{D15A1816-3755-4B6C-96E5-FB41ABE2913F}.Release|Any CPU.ActiveCfg = Release|Any CPU
		{D15A1816-3755-4B6C-96E5-FB41ABE2913F}.Release|Any CPU.Build.0 = Release|Any CPU
	EndGlobalSection
	GlobalSection(SolutionProperties) = preSolution
		HideSolutionNode = FALSE
	EndGlobalSection
	GlobalSection(ExtensibilityGlobals) = postSolution
		SolutionGuid = {40BE9A23-3214-4CBD-9191-29B2C2A444E9}
	EndGlobalSection
EndGlobal
